// !$*UTF8*$!
{
	archiveVersion = 1;
	classes = {
	};
	objectVersion = 50;
	objects = {

/* Begin PBXBuildFile section */
		40BC70B622D7ECD50017AED1 /* AppDelegate.swift in Sources */ = {isa = PBXBuildFile; fileRef = 40BC70B522D7ECD50017AED1 /* AppDelegate.swift */; };
		40BC70B822D7ECD50017AED1 /* ViewController.swift in Sources */ = {isa = PBXBuildFile; fileRef = 40BC70B722D7ECD50017AED1 /* ViewController.swift */; };
		40BC70BB22D7ECD50017AED1 /* Main.storyboard in Resources */ = {isa = PBXBuildFile; fileRef = 40BC70B922D7ECD50017AED1 /* Main.storyboard */; };
		40BC70BD22D7ECD60017AED1 /* Assets.xcassets in Resources */ = {isa = PBXBuildFile; fileRef = 40BC70BC22D7ECD60017AED1 /* Assets.xcassets */; };
		40BC70C022D7ECD60017AED1 /* LaunchScreen.storyboard in Resources */ = {isa = PBXBuildFile; fileRef = 40BC70BE22D7ECD60017AED1 /* LaunchScreen.storyboard */; };
		40BC70CB22D7ECD60017AED1 /* SoundNavTests.swift in Sources */ = {isa = PBXBuildFile; fileRef = 40BC70CA22D7ECD60017AED1 /* SoundNavTests.swift */; };
		40BC70D622D7ECD60017AED1 /* SoundNavUITests.swift in Sources */ = {isa = PBXBuildFile; fileRef = 40BC70D522D7ECD60017AED1 /* SoundNavUITests.swift */; };
/* End PBXBuildFile section */

/* Begin PBXContainerItemProxy section */
		40BC70C722D7ECD60017AED1 /* PBXContainerItemProxy */ = {
			isa = PBXContainerItemProxy;
			containerPortal = 40BC70AA22D7ECD50017AED1 /* Project object */;
			proxyType = 1;
			remoteGlobalIDString = 40BC70B122D7ECD50017AED1;
			remoteInfo = SoundNav;
		};
		40BC70D222D7ECD60017AED1 /* PBXContainerItemProxy */ = {
			isa = PBXContainerItemProxy;
			containerPortal = 40BC70AA22D7ECD50017AED1 /* Project object */;
			proxyType = 1;
			remoteGlobalIDString = 40BC70B122D7ECD50017AED1;
			remoteInfo = SoundNav;
		};
/* End PBXContainerItemProxy section */

/* Begin PBXFileReference section */
		40BC70B222D7ECD50017AED1 /* SoundNav.app */ = {isa = PBXFileReference; explicitFileType = wrapper.application; includeInIndex = 0; path = SoundNav.app; sourceTree = BUILT_PRODUCTS_DIR; };
		40BC70B522D7ECD50017AED1 /* AppDelegate.swift */ = {isa = PBXFileReference; lastKnownFileType = sourcecode.swift; path = AppDelegate.swift; sourceTree = "<group>"; };
		40BC70B722D7ECD50017AED1 /* ViewController.swift */ = {isa = PBXFileReference; lastKnownFileType = sourcecode.swift; path = ViewController.swift; sourceTree = "<group>"; };
		40BC70BA22D7ECD50017AED1 /* Base */ = {isa = PBXFileReference; lastKnownFileType = file.storyboard; name = Base; path = Base.lproj/Main.storyboard; sourceTree = "<group>"; };
		40BC70BC22D7ECD60017AED1 /* Assets.xcassets */ = {isa = PBXFileReference; lastKnownFileType = folder.assetcatalog; path = Assets.xcassets; sourceTree = "<group>"; };
		40BC70BF22D7ECD60017AED1 /* Base */ = {isa = PBXFileReference; lastKnownFileType = file.storyboard; name = Base; path = Base.lproj/LaunchScreen.storyboard; sourceTree = "<group>"; };
		40BC70C122D7ECD60017AED1 /* Info.plist */ = {isa = PBXFileReference; lastKnownFileType = text.plist.xml; path = Info.plist; sourceTree = "<group>"; };
		40BC70C622D7ECD60017AED1 /* SoundNavTests.xctest */ = {isa = PBXFileReference; explicitFileType = wrapper.cfbundle; includeInIndex = 0; path = SoundNavTests.xctest; sourceTree = BUILT_PRODUCTS_DIR; };
		40BC70CA22D7ECD60017AED1 /* SoundNavTests.swift */ = {isa = PBXFileReference; lastKnownFileType = sourcecode.swift; path = SoundNavTests.swift; sourceTree = "<group>"; };
		40BC70CC22D7ECD60017AED1 /* Info.plist */ = {isa = PBXFileReference; lastKnownFileType = text.plist.xml; path = Info.plist; sourceTree = "<group>"; };
		40BC70D122D7ECD60017AED1 /* SoundNavUITests.xctest */ = {isa = PBXFileReference; explicitFileType = wrapper.cfbundle; includeInIndex = 0; path = SoundNavUITests.xctest; sourceTree = BUILT_PRODUCTS_DIR; };
		40BC70D522D7ECD60017AED1 /* SoundNavUITests.swift */ = {isa = PBXFileReference; lastKnownFileType = sourcecode.swift; path = SoundNavUITests.swift; sourceTree = "<group>"; };
		40BC70D722D7ECD60017AED1 /* Info.plist */ = {isa = PBXFileReference; lastKnownFileType = text.plist.xml; path = Info.plist; sourceTree = "<group>"; };
/* End PBXFileReference section */

/* Begin PBXFrameworksBuildPhase section */
		40BC70AF22D7ECD50017AED1 /* Frameworks */ = {
			isa = PBXFrameworksBuildPhase;
			buildActionMask = 2147483647;
			files = (
			);
			runOnlyForDeploymentPostprocessing = 0;
		};
		40BC70C322D7ECD60017AED1 /* Frameworks */ = {
			isa = PBXFrameworksBuildPhase;
			buildActionMask = 2147483647;
			files = (
			);
			runOnlyForDeploymentPostprocessing = 0;
		};
		40BC70CE22D7ECD60017AED1 /* Frameworks */ = {
			isa = PBXFrameworksBuildPhase;
			buildActionMask = 2147483647;
			files = (
			);
			runOnlyForDeploymentPostprocessing = 0;
		};
/* End PBXFrameworksBuildPhase section */

/* Begin PBXGroup section */
		40BC70A922D7ECD50017AED1 = {
			isa = PBXGroup;
			children = (
				40BC70B422D7ECD50017AED1 /* SoundNav */,
				40BC70C922D7ECD60017AED1 /* SoundNavTests */,
				40BC70D422D7ECD60017AED1 /* SoundNavUITests */,
				40BC70B322D7ECD50017AED1 /* Products */,
			);
			sourceTree = "<group>";
		};
		40BC70B322D7ECD50017AED1 /* Products */ = {
			isa = PBXGroup;
			children = (
				40BC70B222D7ECD50017AED1 /* SoundNav.app */,
				40BC70C622D7ECD60017AED1 /* SoundNavTests.xctest */,
				40BC70D122D7ECD60017AED1 /* SoundNavUITests.xctest */,
			);
			name = Products;
			sourceTree = "<group>";
		};
		40BC70B422D7ECD50017AED1 /* SoundNav */ = {
			isa = PBXGroup;
			children = (
				40BC70B522D7ECD50017AED1 /* AppDelegate.swift */,
				40BC70B722D7ECD50017AED1 /* ViewController.swift */,
				40BC70B922D7ECD50017AED1 /* Main.storyboard */,
				40BC70BC22D7ECD60017AED1 /* Assets.xcassets */,
				40BC70BE22D7ECD60017AED1 /* LaunchScreen.storyboard */,
				40BC70C122D7ECD60017AED1 /* Info.plist */,
			);
			path = SoundNav;
			sourceTree = "<group>";
		};
		40BC70C922D7ECD60017AED1 /* SoundNavTests */ = {
			isa = PBXGroup;
			children = (
				40BC70CA22D7ECD60017AED1 /* SoundNavTests.swift */,
				40BC70CC22D7ECD60017AED1 /* Info.plist */,
			);
			path = SoundNavTests;
			sourceTree = "<group>";
		};
		40BC70D422D7ECD60017AED1 /* SoundNavUITests */ = {
			isa = PBXGroup;
			children = (
				40BC70D522D7ECD60017AED1 /* SoundNavUITests.swift */,
				40BC70D722D7ECD60017AED1 /* Info.plist */,
			);
			path = SoundNavUITests;
			sourceTree = "<group>";
		};
/* End PBXGroup section */

/* Begin PBXNativeTarget section */
		40BC70B122D7ECD50017AED1 /* SoundNav */ = {
			isa = PBXNativeTarget;
			buildConfigurationList = 40BC70DA22D7ECD60017AED1 /* Build configuration list for PBXNativeTarget "SoundNav" */;
			buildPhases = (
				40BC70AE22D7ECD50017AED1 /* Sources */,
				40BC70AF22D7ECD50017AED1 /* Frameworks */,
				40BC70B022D7ECD50017AED1 /* Resources */,
			);
			buildRules = (
			);
			dependencies = (
			);
			name = SoundNav;
			productName = SoundNav;
			productReference = 40BC70B222D7ECD50017AED1 /* SoundNav.app */;
			productType = "com.apple.product-type.application";
		};
		40BC70C522D7ECD60017AED1 /* SoundNavTests */ = {
			isa = PBXNativeTarget;
			buildConfigurationList = 40BC70DD22D7ECD60017AED1 /* Build configuration list for PBXNativeTarget "SoundNavTests" */;
			buildPhases = (
				40BC70C222D7ECD60017AED1 /* Sources */,
				40BC70C322D7ECD60017AED1 /* Frameworks */,
				40BC70C422D7ECD60017AED1 /* Resources */,
			);
			buildRules = (
			);
			dependencies = (
				40BC70C822D7ECD60017AED1 /* PBXTargetDependency */,
			);
			name = SoundNavTests;
			productName = SoundNavTests;
			productReference = 40BC70C622D7ECD60017AED1 /* SoundNavTests.xctest */;
			productType = "com.apple.product-type.bundle.unit-test";
		};
		40BC70D022D7ECD60017AED1 /* SoundNavUITests */ = {
			isa = PBXNativeTarget;
			buildConfigurationList = 40BC70E022D7ECD60017AED1 /* Build configuration list for PBXNativeTarget "SoundNavUITests" */;
			buildPhases = (
				40BC70CD22D7ECD60017AED1 /* Sources */,
				40BC70CE22D7ECD60017AED1 /* Frameworks */,
				40BC70CF22D7ECD60017AED1 /* Resources */,
			);
			buildRules = (
			);
			dependencies = (
				40BC70D322D7ECD60017AED1 /* PBXTargetDependency */,
			);
			name = SoundNavUITests;
			productName = SoundNavUITests;
			productReference = 40BC70D122D7ECD60017AED1 /* SoundNavUITests.xctest */;
			productType = "com.apple.product-type.bundle.ui-testing";
		};
/* End PBXNativeTarget section */

/* Begin PBXProject section */
		40BC70AA22D7ECD50017AED1 /* Project object */ = {
			isa = PBXProject;
			attributes = {
				LastSwiftUpdateCheck = 1010;
				LastUpgradeCheck = 1010;
				ORGANIZATIONNAME = steinwang13;
				TargetAttributes = {
					40BC70B122D7ECD50017AED1 = {
						CreatedOnToolsVersion = 10.1;
					};
					40BC70C522D7ECD60017AED1 = {
						CreatedOnToolsVersion = 10.1;
						TestTargetID = 40BC70B122D7ECD50017AED1;
					};
					40BC70D022D7ECD60017AED1 = {
						CreatedOnToolsVersion = 10.1;
						TestTargetID = 40BC70B122D7ECD50017AED1;
					};
				};
			};
			buildConfigurationList = 40BC70AD22D7ECD50017AED1 /* Build configuration list for PBXProject "SoundNav" */;
			compatibilityVersion = "Xcode 9.3";
			developmentRegion = en;
			hasScannedForEncodings = 0;
			knownRegions = (
				en,
				Base,
			);
			mainGroup = 40BC70A922D7ECD50017AED1;
			productRefGroup = 40BC70B322D7ECD50017AED1 /* Products */;
			projectDirPath = "";
			projectRoot = "";
			targets = (
				40BC70B122D7ECD50017AED1 /* SoundNav */,
				40BC70C522D7ECD60017AED1 /* SoundNavTests */,
				40BC70D022D7ECD60017AED1 /* SoundNavUITests */,
			);
		};
/* End PBXProject section */

/* Begin PBXResourcesBuildPhase section */
		40BC70B022D7ECD50017AED1 /* Resources */ = {
			isa = PBXResourcesBuildPhase;
			buildActionMask = 2147483647;
			files = (
				40BC70C022D7ECD60017AED1 /* LaunchScreen.storyboard in Resources */,
				40BC70BD22D7ECD60017AED1 /* Assets.xcassets in Resources */,
				40BC70BB22D7ECD50017AED1 /* Main.storyboard in Resources */,
			);
			runOnlyForDeploymentPostprocessing = 0;
		};
		40BC70C422D7ECD60017AED1 /* Resources */ = {
			isa = PBXResourcesBuildPhase;
			buildActionMask = 2147483647;
			files = (
			);
			runOnlyForDeploymentPostprocessing = 0;
		};
		40BC70CF22D7ECD60017AED1 /* Resources */ = {
			isa = PBXResourcesBuildPhase;
			buildActionMask = 2147483647;
			files = (
			);
			runOnlyForDeploymentPostprocessing = 0;
		};
/* End PBXResourcesBuildPhase section */

/* Begin PBXSourcesBuildPhase section */
		40BC70AE22D7ECD50017AED1 /* Sources */ = {
			isa = PBXSourcesBuildPhase;
			buildActionMask = 2147483647;
			files = (
				40BC70B822D7ECD50017AED1 /* ViewController.swift in Sources */,
				40BC70B622D7ECD50017AED1 /* AppDelegate.swift in Sources */,
			);
			runOnlyForDeploymentPostprocessing = 0;
		};
		40BC70C222D7ECD60017AED1 /* Sources */ = {
			isa = PBXSourcesBuildPhase;
			buildActionMask = 2147483647;
			files = (
				40BC70CB22D7ECD60017AED1 /* SoundNavTests.swift in Sources */,
			);
			runOnlyForDeploymentPostprocessing = 0;
		};
		40BC70CD22D7ECD60017AED1 /* Sources */ = {
			isa = PBXSourcesBuildPhase;
			buildActionMask = 2147483647;
			files = (
				40BC70D622D7ECD60017AED1 /* SoundNavUITests.swift in Sources */,
			);
			runOnlyForDeploymentPostprocessing = 0;
		};
/* End PBXSourcesBuildPhase section */

/* Begin PBXTargetDependency section */
		40BC70C822D7ECD60017AED1 /* PBXTargetDependency */ = {
			isa = PBXTargetDependency;
			target = 40BC70B122D7ECD50017AED1 /* SoundNav */;
			targetProxy = 40BC70C722D7ECD60017AED1 /* PBXContainerItemProxy */;
		};
		40BC70D322D7ECD60017AED1 /* PBXTargetDependency */ = {
			isa = PBXTargetDependency;
			target = 40BC70B122D7ECD50017AED1 /* SoundNav */;
			targetProxy = 40BC70D222D7ECD60017AED1 /* PBXContainerItemProxy */;
		};
/* End PBXTargetDependency section */

/* Begin PBXVariantGroup section */
		40BC70B922D7ECD50017AED1 /* Main.storyboard */ = {
			isa = PBXVariantGroup;
			children = (
				40BC70BA22D7ECD50017AED1 /* Base */,
			);
			name = Main.storyboard;
			sourceTree = "<group>";
		};
		40BC70BE22D7ECD60017AED1 /* LaunchScreen.storyboard */ = {
			isa = PBXVariantGroup;
			children = (
				40BC70BF22D7ECD60017AED1 /* Base */,
			);
			name = LaunchScreen.storyboard;
			sourceTree = "<group>";
		};
/* End PBXVariantGroup section */

/* Begin XCBuildConfiguration section */
		40BC70D822D7ECD60017AED1 /* Debug */ = {
			isa = XCBuildConfiguration;
			buildSettings = {
				ALWAYS_SEARCH_USER_PATHS = NO;
				CLANG_ANALYZER_NONNULL = YES;
				CLANG_ANALYZER_NUMBER_OBJECT_CONVERSION = YES_AGGRESSIVE;
				CLANG_CXX_LANGUAGE_STANDARD = "gnu++14";
				CLANG_CXX_LIBRARY = "libc++";
				CLANG_ENABLE_MODULES = YES;
				CLANG_ENABLE_OBJC_ARC = YES;
				CLANG_ENABLE_OBJC_WEAK = YES;
				CLANG_WARN_BLOCK_CAPTURE_AUTORELEASING = YES;
				CLANG_WARN_BOOL_CONVERSION = YES;
				CLANG_WARN_COMMA = YES;
				CLANG_WARN_CONSTANT_CONVERSION = YES;
				CLANG_WARN_DEPRECATED_OBJC_IMPLEMENTATIONS = YES;
				CLANG_WARN_DIRECT_OBJC_ISA_USAGE = YES_ERROR;
				CLANG_WARN_DOCUMENTATION_COMMENTS = YES;
				CLANG_WARN_EMPTY_BODY = YES;
				CLANG_WARN_ENUM_CONVERSION = YES;
				CLANG_WARN_INFINITE_RECURSION = YES;
				CLANG_WARN_INT_CONVERSION = YES;
				CLANG_WARN_NON_LITERAL_NULL_CONVERSION = YES;
				CLANG_WARN_OBJC_IMPLICIT_RETAIN_SELF = YES;
				CLANG_WARN_OBJC_LITERAL_CONVERSION = YES;
				CLANG_WARN_OBJC_ROOT_CLASS = YES_ERROR;
				CLANG_WARN_RANGE_LOOP_ANALYSIS = YES;
				CLANG_WARN_STRICT_PROTOTYPES = YES;
				CLANG_WARN_SUSPICIOUS_MOVE = YES;
				CLANG_WARN_UNGUARDED_AVAILABILITY = YES_AGGRESSIVE;
				CLANG_WARN_UNREACHABLE_CODE = YES;
				CLANG_WARN__DUPLICATE_METHOD_MATCH = YES;
				CODE_SIGN_IDENTITY = "iPhone Developer";
				COPY_PHASE_STRIP = NO;
				DEBUG_INFORMATION_FORMAT = dwarf;
				ENABLE_STRICT_OBJC_MSGSEND = YES;
				ENABLE_TESTABILITY = YES;
				GCC_C_LANGUAGE_STANDARD = gnu11;
				GCC_DYNAMIC_NO_PIC = NO;
				GCC_NO_COMMON_BLOCKS = YES;
				GCC_OPTIMIZATION_LEVEL = 0;
				GCC_PREPROCESSOR_DEFINITIONS = (
					"DEBUG=1",
					"$(inherited)",
				);
				GCC_WARN_64_TO_32_BIT_CONVERSION = YES;
				GCC_WARN_ABOUT_RETURN_TYPE = YES_ERROR;
				GCC_WARN_UNDECLARED_SELECTOR = YES;
				GCC_WARN_UNINITIALIZED_AUTOS = YES_AGGRESSIVE;
				GCC_WARN_UNUSED_FUNCTION = YES;
				GCC_WARN_UNUSED_VARIABLE = YES;
				IPHONEOS_DEPLOYMENT_TARGET = 12.1;
				MTL_ENABLE_DEBUG_INFO = INCLUDE_SOURCE;
				MTL_FAST_MATH = YES;
				ONLY_ACTIVE_ARCH = YES;
				SDKROOT = iphoneos;
				SWIFT_ACTIVE_COMPILATION_CONDITIONS = DEBUG;
				SWIFT_OPTIMIZATION_LEVEL = "-Onone";
			};
			name = Debug;
		};
		40BC70D922D7ECD60017AED1 /* Release */ = {
			isa = XCBuildConfiguration;
			buildSettings = {
				ALWAYS_SEARCH_USER_PATHS = NO;
				CLANG_ANALYZER_NONNULL = YES;
				CLANG_ANALYZER_NUMBER_OBJECT_CONVERSION = YES_AGGRESSIVE;
				CLANG_CXX_LANGUAGE_STANDARD = "gnu++14";
				CLANG_CXX_LIBRARY = "libc++";
				CLANG_ENABLE_MODULES = YES;
				CLANG_ENABLE_OBJC_ARC = YES;
				CLANG_ENABLE_OBJC_WEAK = YES;
				CLANG_WARN_BLOCK_CAPTURE_AUTORELEASING = YES;
				CLANG_WARN_BOOL_CONVERSION = YES;
				CLANG_WARN_COMMA = YES;
				CLANG_WARN_CONSTANT_CONVERSION = YES;
				CLANG_WARN_DEPRECATED_OBJC_IMPLEMENTATIONS = YES;
				CLANG_WARN_DIRECT_OBJC_ISA_USAGE = YES_ERROR;
				CLANG_WARN_DOCUMENTATION_COMMENTS = YES;
				CLANG_WARN_EMPTY_BODY = YES;
				CLANG_WARN_ENUM_CONVERSION = YES;
				CLANG_WARN_INFINITE_RECURSION = YES;
				CLANG_WARN_INT_CONVERSION = YES;
				CLANG_WARN_NON_LITERAL_NULL_CONVERSION = YES;
				CLANG_WARN_OBJC_IMPLICIT_RETAIN_SELF = YES;
				CLANG_WARN_OBJC_LITERAL_CONVERSION = YES;
				CLANG_WARN_OBJC_ROOT_CLASS = YES_ERROR;
				CLANG_WARN_RANGE_LOOP_ANALYSIS = YES;
				CLANG_WARN_STRICT_PROTOTYPES = YES;
				CLANG_WARN_SUSPICIOUS_MOVE = YES;
				CLANG_WARN_UNGUARDED_AVAILABILITY = YES_AGGRESSIVE;
				CLANG_WARN_UNREACHABLE_CODE = YES;
				CLANG_WARN__DUPLICATE_METHOD_MATCH = YES;
				CODE_SIGN_IDENTITY = "iPhone Developer";
				COPY_PHASE_STRIP = NO;
				DEBUG_INFORMATION_FORMAT = "dwarf-with-dsym";
				ENABLE_NS_ASSERTIONS = NO;
				ENABLE_STRICT_OBJC_MSGSEND = YES;
				GCC_C_LANGUAGE_STANDARD = gnu11;
				GCC_NO_COMMON_BLOCKS = YES;
				GCC_WARN_64_TO_32_BIT_CONVERSION = YES;
				GCC_WARN_ABOUT_RETURN_TYPE = YES_ERROR;
				GCC_WARN_UNDECLARED_SELECTOR = YES;
				GCC_WARN_UNINITIALIZED_AUTOS = YES_AGGRESSIVE;
				GCC_WARN_UNUSED_FUNCTION = YES;
				GCC_WARN_UNUSED_VARIABLE = YES;
				IPHONEOS_DEPLOYMENT_TARGET = 12.1;
				MTL_ENABLE_DEBUG_INFO = NO;
				MTL_FAST_MATH = YES;
				SDKROOT = iphoneos;
				SWIFT_COMPILATION_MODE = wholemodule;
				SWIFT_OPTIMIZATION_LEVEL = "-O";
				VALIDATE_PRODUCT = YES;
			};
			name = Release;
		};
		40BC70DB22D7ECD60017AED1 /* Debug */ = {
			isa = XCBuildConfiguration;
			buildSettings = {
				ASSETCATALOG_COMPILER_APPICON_NAME = AppIcon;
				CODE_SIGN_STYLE = Automatic;
				DEVELOPMENT_TEAM = TQ45C5R6DN;
				INFOPLIST_FILE = SoundNav/Info.plist;
				LD_RUNPATH_SEARCH_PATHS = (
					"$(inherited)",
					"@executable_path/Frameworks",
				);
				PRODUCT_BUNDLE_IDENTIFIER = steinwang13.SoundNav;
				PRODUCT_NAME = "$(TARGET_NAME)";
				SWIFT_VERSION = 4.2;
				TARGETED_DEVICE_FAMILY = "1,2";
			};
			name = Debug;
		};
		40BC70DC22D7ECD60017AED1 /* Release */ = {
			isa = XCBuildConfiguration;
			buildSettings = {
				ASSETCATALOG_COMPILER_APPICON_NAME = AppIcon;
				CODE_SIGN_STYLE = Automatic;
				DEVELOPMENT_TEAM = TQ45C5R6DN;
				INFOPLIST_FILE = SoundNav/Info.plist;
				LD_RUNPATH_SEARCH_PATHS = (
					"$(inherited)",
					"@executable_path/Frameworks",
				);
				PRODUCT_BUNDLE_IDENTIFIER = steinwang13.SoundNav;
				PRODUCT_NAME = "$(TARGET_NAME)";
				SWIFT_VERSION = 4.2;
				TARGETED_DEVICE_FAMILY = "1,2";
			};
			name = Release;
		};
		40BC70DE22D7ECD60017AED1 /* Debug */ = {
			isa = XCBuildConfiguration;
			buildSettings = {
				ALWAYS_EMBED_SWIFT_STANDARD_LIBRARIES = YES;
				BUNDLE_LOADER = "$(TEST_HOST)";
				CODE_SIGN_STYLE = Automatic;
				DEVELOPMENT_TEAM = TQ45C5R6DN;
				INFOPLIST_FILE = SoundNavTests/Info.plist;
				LD_RUNPATH_SEARCH_PATHS = (
					"$(inherited)",
					"@executable_path/Frameworks",
					"@loader_path/Frameworks",
				);
				PRODUCT_BUNDLE_IDENTIFIER = steinwang13.SoundNavTests;
				PRODUCT_NAME = "$(TARGET_NAME)";
				SWIFT_VERSION = 4.2;
				TARGETED_DEVICE_FAMILY = "1,2";
				TEST_HOST = "$(BUILT_PRODUCTS_DIR)/SoundNav.app/SoundNav";
			};
			name = Debug;
		};
		40BC70DF22D7ECD60017AED1 /* Release */ = {
			isa = XCBuildConfiguration;
			buildSettings = {
				ALWAYS_EMBED_SWIFT_STANDARD_LIBRARIES = YES;
				BUNDLE_LOADER = "$(TEST_HOST)";
				CODE_SIGN_STYLE = Automatic;
				DEVELOPMENT_TEAM = TQ45C5R6DN;
				INFOPLIST_FILE = SoundNavTests/Info.plist;
				LD_RUNPATH_SEARCH_PATHS = (
					"$(inherited)",
					"@executable_path/Frameworks",
					"@loader_path/Frameworks",
				);
				PRODUCT_BUNDLE_IDENTIFIER = steinwang13.SoundNavTests;
				PRODUCT_NAME = "$(TARGET_NAME)";
				SWIFT_VERSION = 4.2;
				TARGETED_DEVICE_FAMILY = "1,2";
				TEST_HOST = "$(BUILT_PRODUCTS_DIR)/SoundNav.app/SoundNav";
			};
			name = Release;
		};
		40BC70E122D7ECD60017AED1 /* Debug */ = {
			isa = XCBuildConfiguration;
			buildSettings = {
				ALWAYS_EMBED_SWIFT_STANDARD_LIBRARIES = YES;
				CODE_SIGN_STYLE = Automatic;
				DEVELOPMENT_TEAM = TQ45C5R6DN;
				INFOPLIST_FILE = SoundNavUITests/Info.plist;
				LD_RUNPATH_SEARCH_PATHS = (
					"$(inherited)",
					"@executable_path/Frameworks",
					"@loader_path/Frameworks",
				);
				PRODUCT_BUNDLE_IDENTIFIER = steinwang13.SoundNavUITests;
				PRODUCT_NAME = "$(TARGET_NAME)";
				SWIFT_VERSION = 4.2;
				TARGETED_DEVICE_FAMILY = "1,2";
				TEST_TARGET_NAME = SoundNav;
			};
			name = Debug;
		};
		40BC70E222D7ECD60017AED1 /* Release */ = {
			isa = XCBuildConfiguration;
			buildSettings = {
				ALWAYS_EMBED_SWIFT_STANDARD_LIBRARIES = YES;
				CODE_SIGN_STYLE = Automatic;
				DEVELOPMENT_TEAM = TQ45C5R6DN;
				INFOPLIST_FILE = SoundNavUITests/Info.plist;
				LD_RUNPATH_SEARCH_PATHS = (
					"$(inherited)",
					"@executable_path/Frameworks",
					"@loader_path/Frameworks",
				);
				PRODUCT_BUNDLE_IDENTIFIER = steinwang13.SoundNavUITests;
				PRODUCT_NAME = "$(TARGET_NAME)";
				SWIFT_VERSION = 4.2;
				TARGETED_DEVICE_FAMILY = "1,2";
				TEST_TARGET_NAME = SoundNav;
			};
			name = Release;
		};
/* End XCBuildConfiguration section */

/* Begin XCConfigurationList section */
		40BC70AD22D7ECD50017AED1 /* Build configuration list for PBXProject "SoundNav" */ = {
			isa = XCConfigurationList;
			buildConfigurations = (
				40BC70D822D7ECD60017AED1 /* Debug */,
				40BC70D922D7ECD60017AED1 /* Release */,
			);
			defaultConfigurationIsVisible = 0;
			defaultConfigurationName = Release;
		};
		40BC70DA22D7ECD60017AED1 /* Build configuration list for PBXNativeTarget "SoundNav" */ = {
			isa = XCConfigurationList;
			buildConfigurations = (
				40BC70DB22D7ECD60017AED1 /* Debug */,
				40BC70DC22D7ECD60017AED1 /* Release */,
			);
			defaultConfigurationIsVisible = 0;
			defaultConfigurationName = Release;
		};
		40BC70DD22D7ECD60017AED1 /* Build configuration list for PBXNativeTarget "SoundNavTests" */ = {
			isa = XCConfigurationList;
			buildConfigurations = (
				40BC70DE22D7ECD60017AED1 /* Debug */,
				40BC70DF22D7ECD60017AED1 /* Release */,
			);
			defaultConfigurationIsVisible = 0;
			defaultConfigurationName = Release;
		};
		40BC70E022D7ECD60017AED1 /* Build configuration list for PBXNativeTarget "SoundNavUITests" */ = {
			isa = XCConfigurationList;
			buildConfigurations = (
				40BC70E122D7ECD60017AED1 /* Debug */,
				40BC70E222D7ECD60017AED1 /* Release */,
			);
			defaultConfigurationIsVisible = 0;
			defaultConfigurationName = Release;
		};
/* End XCConfigurationList section */
	};
	rootObject = 40BC70AA22D7ECD50017AED1 /* Project object */;
}
